
Microsoft Visual Studio Solution File, Format Version 12.00
# Visual Studio Express 2013 for Windows Desktop
VisualStudioVersion = 12.0.30723.0
MinimumVisualStudioVersion = 10.0.40219.1
Project("{FAE04EC0-301F-11D3-BF4B-00C04F79EFBC}") = "01.DeclareVariables", "02.HomeworkPrimitiveDataTipesAndValues\01.DeclareVariables.csproj", "{AE75C580-AA57-4D67-B7A7-3BC70134C550}"
EndProject
Project("{FAE04EC0-301F-11D3-BF4B-00C04F79EFBC}") = "02.FloatOrDouble", "02.FloatOrDouble\02.FloatOrDouble.csproj", "{73B8C5B0-E7CD-4FCE-82FA-0B6A55351359}"
EndProject
Project("{FAE04EC0-301F-11D3-BF4B-00C04F79EFBC}") = "03.VariableInHexadecimalFormat", "03.VariableInHexadecimalFormat\03.VariableInHexadecimalFormat.csproj", "{612B7AAD-CC9B-4830-B666-D1432E397DEE}"
EndProject
Project("{FAE04EC0-301F-11D3-BF4B-00C04F79EFBC}") = "04.UnicodeCharacter", "04.Unicode Character\04.UnicodeCharacter.csproj", "{87E1AA1D-BD08-4636-8149-DCADC8DE30A9}"
EndProject
Project("{FAE04EC0-301F-11D3-BF4B-00C04F79EFBC}") = "05.BooleanVar", "05.BooleanVar\05.BooleanVar.csproj", "{8A6C8C2B-8667-45B8-A744-09BFE23D0BA0}"
EndProject
Project("{FAE04EC0-301F-11D3-BF4B-00C04F79EFBC}") = "06.StringsObjects", "StringsObjects\06.StringsObjects.csproj", "{94E72A7C-D48E-4E83-AE81-D6B3D2F258D0}"
EndProject
Project("{FAE04EC0-301F-11D3-BF4B-00C04F79EFBC}") = "07.QuotesInStrings", "07.QuotesInStrings\07.QuotesInStrings.csproj", "{D61457D7-B2D6-49F2-8662-3F780E90B4C6}"
EndProject
Project("{FAE04EC0-301F-11D3-BF4B-00C04F79EFBC}") = "09.ExchangeVarValiues", "09.ExchangeVarValiues\09.ExchangeVarValiues.csproj", "{D94477B7-8C60-46AC-B4B2-BA62FDAC4CBC}"
EndProject
Project("{FAE04EC0-301F-11D3-BF4B-00C04F79EFBC}") = "10.EmployeeData", "10.EmployeeData\10.EmployeeData.csproj", "{241432A2-EEEC-488D-BFFA-9C611A6D6C67}"
EndProject
Project("{FAE04EC0-301F-11D3-BF4B-00C04F79EFBC}") = "11.BankAccount", "11.BankAccount\11.BankAccount.csproj", "{D6C4F57F-C753-4EC8-A5BB-07CBB2F8BFD3}"
EndProject
Project("{FAE04EC0-301F-11D3-BF4B-00C04F79EFBC}") = "12.NullValues", "12.NullValues\12.NullValues.csproj", "{EF39317D-152C-406E-BAD0-9260EA7884AF}"
EndProject
Global
	GlobalSection(SolutionConfigurationPlatforms) = preSolution
		Debug|Any CPU = Debug|Any CPU
		Release|Any CPU = Release|Any CPU
	EndGlobalSection
	GlobalSection(ProjectConfigurationPlatforms) = postSolution
		{AE75C580-AA57-4D67-B7A7-3BC70134C550}.Debug|Any CPU.ActiveCfg = Debug|Any CPU
		{AE75C580-AA57-4D67-B7A7-3BC70134C550}.Debug|Any CPU.Build.0 = Debug|Any CPU
		{AE75C580-AA57-4D67-B7A7-3BC70134C550}.Release|Any CPU.ActiveCfg = Release|Any CPU
		{AE75C580-AA57-4D67-B7A7-3BC70134C550}.Release|Any CPU.Build.0 = Release|Any CPU
		{73B8C5B0-E7CD-4FCE-82FA-0B6A55351359}.Debug|Any CPU.ActiveCfg = Debug|Any CPU
		{73B8C5B0-E7CD-4FCE-82FA-0B6A55351359}.Debug|Any CPU.Build.0 = Debug|Any CPU
		{73B8C5B0-E7CD-4FCE-82FA-0B6A55351359}.Release|Any CPU.ActiveCfg = Release|Any CPU
		{73B8C5B0-E7CD-4FCE-82FA-0B6A55351359}.Release|Any CPU.Build.0 = Release|Any CPU
		{612B7AAD-CC9B-4830-B666-D1432E397DEE}.Debug|Any CPU.ActiveCfg = Debug|Any CPU
		{612B7AAD-CC9B-4830-B666-D1432E397DEE}.Debug|Any CPU.Build.0 = Debug|Any CPU
		{612B7AAD-CC9B-4830-B666-D1432E397DEE}.Release|Any CPU.ActiveCfg = Release|Any CPU
		{612B7AAD-CC9B-4830-B666-D1432E397DEE}.Release|Any CPU.Build.0 = Release|Any CPU
		{87E1AA1D-BD08-4636-8149-DCADC8DE30A9}.Debug|Any CPU.ActiveCfg = Debug|Any CPU
		{87E1AA1D-BD08-4636-8149-DCADC8DE30A9}.Debug|Any CPU.Build.0 = Debug|Any CPU
		{87E1AA1D-BD08-4636-8149-DCADC8DE30A9}.Release|Any CPU.ActiveCfg = Release|Any CPU
		{87E1AA1D-BD08-4636-8149-DCADC8DE30A9}.Release|Any CPU.Build.0 = Release|Any CPU
		{8A6C8C2B-8667-45B8-A744-09BFE23D0BA0}.Debug|Any CPU.ActiveCfg = Debug|Any CPU
		{8A6C8C2B-8667-45B8-A744-09BFE23D0BA0}.Debug|Any CPU.Build.0 = Debug|Any CPU
		{8A6C8C2B-8667-45B8-A744-09BFE23D0BA0}.Release|Any CPU.ActiveCfg = Release|Any CPU
		{8A6C8C2B-8667-45B8-A744-09BFE23D0BA0}.Release|Any CPU.Build.0 = Release|Any CPU
		{94E72A7C-D48E-4E83-AE81-D6B3D2F258D0}.Debug|Any CPU.ActiveCfg = Debug|Any CPU
		{94E72A7C-D48E-4E83-AE81-D6B3D2F258D0}.Debug|Any CPU.Build.0 = Debug|Any CPU
		{94E72A7C-D48E-4E83-AE81-D6B3D2F258D0}.Release|Any CPU.ActiveCfg = Release|Any CPU
		{94E72A7C-D48E-4E83-AE81-D6B3D2F258D0}.Release|Any CPU.Build.0 = Release|Any CPU
		{D61457D7-B2D6-49F2-8662-3F780E90B4C6}.Debug|Any CPU.ActiveCfg = Debug|Any CPU
		{D61457D7-B2D6-49F2-8662-3F780E90B4C6}.Debug|Any CPU.Build.0 = Debug|Any CPU
		{D61457D7-B2D6-49F2-8662-3F780E90B4C6}.Release|Any CPU.ActiveCfg = Release|Any CPU
		{D61457D7-B2D6-49F2-8662-3F780E90B4C6}.Release|Any CPU.Build.0 = Release|Any CPU
		{D94477B7-8C60-46AC-B4B2-BA62FDAC4CBC}.Debug|Any CPU.ActiveCfg = Debug|Any CPU
		{D94477B7-8C60-46AC-B4B2-BA62FDAC4CBC}.Debug|Any CPU.Build.0 = Debug|Any CPU
		{D94477B7-8C60-46AC-B4B2-BA62FDAC4CBC}.Release|Any CPU.ActiveCfg = Release|Any CPU
		{D94477B7-8C60-46AC-B4B2-BA62FDAC4CBC}.Release|Any CPU.Build.0 = Release|Any CPU
		{241432A2-EEEC-488D-BFFA-9C611A6D6C67}.Debug|Any CPU.ActiveCfg = Debug|Any CPU
		{241432A2-EEEC-488D-BFFA-9C611A6D6C67}.Debug|Any CPU.Build.0 = Debug|Any CPU
		{241432A2-EEEC-488D-BFFA-9C611A6D6C67}.Release|Any CPU.ActiveCfg = Release|Any CPU
		{241432A2-EEEC-488D-BFFA-9C611A6D6C67}.Release|Any CPU.Build.0 = Release|Any CPU
		{D6C4F57F-C753-4EC8-A5BB-07CBB2F8BFD3}.Debug|Any CPU.ActiveCfg = Debug|Any CPU
		{D6C4F57F-C753-4EC8-A5BB-07CBB2F8BFD3}.Debug|Any CPU.Build.0 = Debug|Any CPU
		{D6C4F57F-C753-4EC8-A5BB-07CBB2F8BFD3}.Release|Any CPU.ActiveCfg = Release|Any CPU
		{D6C4F57F-C753-4EC8-A5BB-07CBB2F8BFD3}.Release|Any CPU.Build.0 = Release|Any CPU
		{EF39317D-152C-406E-BAD0-9260EA7884AF}.Debug|Any CPU.ActiveCfg = Debug|Any CPU
		{EF39317D-152C-406E-BAD0-9260EA7884AF}.Debug|Any CPU.Build.0 = Debug|Any CPU
		{EF39317D-152C-406E-BAD0-9260EA7884AF}.Release|Any CPU.ActiveCfg = Release|Any CPU
		{EF39317D-152C-406E-BAD0-9260EA7884AF}.Release|Any CPU.Build.0 = Release|Any CPU
	EndGlobalSection
	GlobalSection(SolutionProperties) = preSolution
		HideSolutionNode = FALSE
	EndGlobalSection
EndGlobal
