
Microsoft Visual Studio Solution File, Format Version 12.00
# Visual Studio Express 2013 for Windows Desktop
VisualStudioVersion = 12.0.30723.0
MinimumVisualStudioVersion = 10.0.40219.1
Project("{FAE04EC0-301F-11D3-BF4B-00C04F79EFBC}") = "04.HelloWorld", "HelloCSharp\04.HelloWorld.csproj", "{3DC8F73C-3363-4FBC-811E-5C092ACC34A9}"
EndProject
Project("{FAE04EC0-301F-11D3-BF4B-00C04F79EFBC}") = "05.PrintName", "PrintMyName\05.PrintName.csproj", "{CBDB424A-7415-426F-8329-F8A081C8F519}"
EndProject
Project("{FAE04EC0-301F-11D3-BF4B-00C04F79EFBC}") = "06.PrintNumbers", "PrintNumbers\06.PrintNumbers.csproj", "{5A676E06-60C0-416C-A8CB-ED550E87A629}"
EndProject
Project("{FAE04EC0-301F-11D3-BF4B-00C04F79EFBC}") = "07.FirstLastName", "FirstLastName\07.FirstLastName.csproj", "{2E80EB42-AC8C-4B0C-929B-0AF709D5D580}"
EndProject
Project("{FAE04EC0-301F-11D3-BF4B-00C04F79EFBC}") = "08.SquareRoot", "SquareRoot\08.SquareRoot.csproj", "{1A38E360-399C-4A61-9C83-AEDAA8E7C4EB}"
EndProject
Project("{FAE04EC0-301F-11D3-BF4B-00C04F79EFBC}") = "09.Sequence", "Sequence\09.Sequence.csproj", "{94F57AC2-441F-4CBB-9582-D84BEE0E06A7}"
EndProject
Project("{FAE04EC0-301F-11D3-BF4B-00C04F79EFBC}") = "10.HorribleCode", "HorribleCode\10.HorribleCode.csproj", "{49716DC4-73E1-4359-B591-DC275520177E}"
EndProject
Project("{FAE04EC0-301F-11D3-BF4B-00C04F79EFBC}") = "14.CurrentDateAndTime", "CurrentDateAndTime\14.CurrentDateAndTime.csproj", "{881FBEB9-B001-4D32-A75E-9BC95B655C9C}"
EndProject
Project("{FAE04EC0-301F-11D3-BF4B-00C04F79EFBC}") = "14.MyAgePlusTen", "MyAgePlusTen\14.MyAgePlusTen.csproj", "{0440A082-2DA7-498F-B750-4FF60300F565}"
EndProject
Project("{FAE04EC0-301F-11D3-BF4B-00C04F79EFBC}") = "15.LongSequence", "LongSequence\15.LongSequence.csproj", "{8CA8D8D9-D45C-4209-89B4-5F811F6E870F}"
EndProject
Project("{FAE04EC0-301F-11D3-BF4B-00C04F79EFBC}") = "Debugger", "Debugger\Debugger.csproj", "{4CD0561A-653C-42C3-B7FE-765B60B4581A}"
EndProject
Global
	GlobalSection(SolutionConfigurationPlatforms) = preSolution
		Debug|Any CPU = Debug|Any CPU
		Release|Any CPU = Release|Any CPU
	EndGlobalSection
	GlobalSection(ProjectConfigurationPlatforms) = postSolution
		{3DC8F73C-3363-4FBC-811E-5C092ACC34A9}.Debug|Any CPU.ActiveCfg = Debug|Any CPU
		{3DC8F73C-3363-4FBC-811E-5C092ACC34A9}.Debug|Any CPU.Build.0 = Debug|Any CPU
		{3DC8F73C-3363-4FBC-811E-5C092ACC34A9}.Release|Any CPU.ActiveCfg = Release|Any CPU
		{3DC8F73C-3363-4FBC-811E-5C092ACC34A9}.Release|Any CPU.Build.0 = Release|Any CPU
		{CBDB424A-7415-426F-8329-F8A081C8F519}.Debug|Any CPU.ActiveCfg = Debug|Any CPU
		{CBDB424A-7415-426F-8329-F8A081C8F519}.Debug|Any CPU.Build.0 = Debug|Any CPU
		{CBDB424A-7415-426F-8329-F8A081C8F519}.Release|Any CPU.ActiveCfg = Release|Any CPU
		{CBDB424A-7415-426F-8329-F8A081C8F519}.Release|Any CPU.Build.0 = Release|Any CPU
		{5A676E06-60C0-416C-A8CB-ED550E87A629}.Debug|Any CPU.ActiveCfg = Debug|Any CPU
		{5A676E06-60C0-416C-A8CB-ED550E87A629}.Debug|Any CPU.Build.0 = Debug|Any CPU
		{5A676E06-60C0-416C-A8CB-ED550E87A629}.Release|Any CPU.ActiveCfg = Release|Any CPU
		{5A676E06-60C0-416C-A8CB-ED550E87A629}.Release|Any CPU.Build.0 = Release|Any CPU
		{2E80EB42-AC8C-4B0C-929B-0AF709D5D580}.Debug|Any CPU.ActiveCfg = Debug|Any CPU
		{2E80EB42-AC8C-4B0C-929B-0AF709D5D580}.Debug|Any CPU.Build.0 = Debug|Any CPU
		{2E80EB42-AC8C-4B0C-929B-0AF709D5D580}.Release|Any CPU.ActiveCfg = Release|Any CPU
		{2E80EB42-AC8C-4B0C-929B-0AF709D5D580}.Release|Any CPU.Build.0 = Release|Any CPU
		{1A38E360-399C-4A61-9C83-AEDAA8E7C4EB}.Debug|Any CPU.ActiveCfg = Debug|Any CPU
		{1A38E360-399C-4A61-9C83-AEDAA8E7C4EB}.Debug|Any CPU.Build.0 = Debug|Any CPU
		{1A38E360-399C-4A61-9C83-AEDAA8E7C4EB}.Release|Any CPU.ActiveCfg = Release|Any CPU
		{1A38E360-399C-4A61-9C83-AEDAA8E7C4EB}.Release|Any CPU.Build.0 = Release|Any CPU
		{94F57AC2-441F-4CBB-9582-D84BEE0E06A7}.Debug|Any CPU.ActiveCfg = Debug|Any CPU
		{94F57AC2-441F-4CBB-9582-D84BEE0E06A7}.Debug|Any CPU.Build.0 = Debug|Any CPU
		{94F57AC2-441F-4CBB-9582-D84BEE0E06A7}.Release|Any CPU.ActiveCfg = Release|Any CPU
		{94F57AC2-441F-4CBB-9582-D84BEE0E06A7}.Release|Any CPU.Build.0 = Release|Any CPU
		{49716DC4-73E1-4359-B591-DC275520177E}.Debug|Any CPU.ActiveCfg = Debug|Any CPU
		{49716DC4-73E1-4359-B591-DC275520177E}.Debug|Any CPU.Build.0 = Debug|Any CPU
		{49716DC4-73E1-4359-B591-DC275520177E}.Release|Any CPU.ActiveCfg = Release|Any CPU
		{49716DC4-73E1-4359-B591-DC275520177E}.Release|Any CPU.Build.0 = Release|Any CPU
		{881FBEB9-B001-4D32-A75E-9BC95B655C9C}.Debug|Any CPU.ActiveCfg = Debug|Any CPU
		{881FBEB9-B001-4D32-A75E-9BC95B655C9C}.Debug|Any CPU.Build.0 = Debug|Any CPU
		{881FBEB9-B001-4D32-A75E-9BC95B655C9C}.Release|Any CPU.ActiveCfg = Release|Any CPU
		{881FBEB9-B001-4D32-A75E-9BC95B655C9C}.Release|Any CPU.Build.0 = Release|Any CPU
		{0440A082-2DA7-498F-B750-4FF60300F565}.Debug|Any CPU.ActiveCfg = Debug|Any CPU
		{0440A082-2DA7-498F-B750-4FF60300F565}.Debug|Any CPU.Build.0 = Debug|Any CPU
		{0440A082-2DA7-498F-B750-4FF60300F565}.Release|Any CPU.ActiveCfg = Release|Any CPU
		{0440A082-2DA7-498F-B750-4FF60300F565}.Release|Any CPU.Build.0 = Release|Any CPU
		{8CA8D8D9-D45C-4209-89B4-5F811F6E870F}.Debug|Any CPU.ActiveCfg = Debug|Any CPU
		{8CA8D8D9-D45C-4209-89B4-5F811F6E870F}.Debug|Any CPU.Build.0 = Debug|Any CPU
		{8CA8D8D9-D45C-4209-89B4-5F811F6E870F}.Release|Any CPU.ActiveCfg = Release|Any CPU
		{8CA8D8D9-D45C-4209-89B4-5F811F6E870F}.Release|Any CPU.Build.0 = Release|Any CPU
		{4CD0561A-653C-42C3-B7FE-765B60B4581A}.Debug|Any CPU.ActiveCfg = Debug|Any CPU
		{4CD0561A-653C-42C3-B7FE-765B60B4581A}.Debug|Any CPU.Build.0 = Debug|Any CPU
		{4CD0561A-653C-42C3-B7FE-765B60B4581A}.Release|Any CPU.ActiveCfg = Release|Any CPU
		{4CD0561A-653C-42C3-B7FE-765B60B4581A}.Release|Any CPU.Build.0 = Release|Any CPU
	EndGlobalSection
	GlobalSection(SolutionProperties) = preSolution
		HideSolutionNode = FALSE
	EndGlobalSection
EndGlobal
