
Microsoft Visual Studio Solution File, Format Version 12.00
# Visual Studio Express 2013 for Windows Desktop
VisualStudioVersion = 12.0.30723.0
MinimumVisualStudioVersion = 10.0.40219.1
Project("{FAE04EC0-301F-11D3-BF4B-00C04F79EFBC}") = "headphones", "headphones\headphones.csproj", "{CC7EB4B1-D73B-49AC-8CB3-EAF17477C431}"
EndProject
Project("{FAE04EC0-301F-11D3-BF4B-00C04F79EFBC}") = "SpyHard", "SpyHard\SpyHard.csproj", "{7EB6CA57-5A91-4431-9D60-FE45F46CF2CA}"
EndProject
Project("{FAE04EC0-301F-11D3-BF4B-00C04F79EFBC}") = "TravellerBob", "TravellerBob\TravellerBob.csproj", "{2C155A97-C68B-447D-A289-4329A6CC9CAB}"
EndProject
Global
	GlobalSection(SolutionConfigurationPlatforms) = preSolution
		Debug|Any CPU = Debug|Any CPU
		Release|Any CPU = Release|Any CPU
	EndGlobalSection
	GlobalSection(ProjectConfigurationPlatforms) = postSolution
		{CC7EB4B1-D73B-49AC-8CB3-EAF17477C431}.Debug|Any CPU.ActiveCfg = Debug|Any CPU
		{CC7EB4B1-D73B-49AC-8CB3-EAF17477C431}.Debug|Any CPU.Build.0 = Debug|Any CPU
		{CC7EB4B1-D73B-49AC-8CB3-EAF17477C431}.Release|Any CPU.ActiveCfg = Release|Any CPU
		{CC7EB4B1-D73B-49AC-8CB3-EAF17477C431}.Release|Any CPU.Build.0 = Release|Any CPU
		{7EB6CA57-5A91-4431-9D60-FE45F46CF2CA}.Debug|Any CPU.ActiveCfg = Debug|Any CPU
		{7EB6CA57-5A91-4431-9D60-FE45F46CF2CA}.Debug|Any CPU.Build.0 = Debug|Any CPU
		{7EB6CA57-5A91-4431-9D60-FE45F46CF2CA}.Release|Any CPU.ActiveCfg = Release|Any CPU
		{7EB6CA57-5A91-4431-9D60-FE45F46CF2CA}.Release|Any CPU.Build.0 = Release|Any CPU
		{2C155A97-C68B-447D-A289-4329A6CC9CAB}.Debug|Any CPU.ActiveCfg = Debug|Any CPU
		{2C155A97-C68B-447D-A289-4329A6CC9CAB}.Debug|Any CPU.Build.0 = Debug|Any CPU
		{2C155A97-C68B-447D-A289-4329A6CC9CAB}.Release|Any CPU.ActiveCfg = Release|Any CPU
		{2C155A97-C68B-447D-A289-4329A6CC9CAB}.Release|Any CPU.Build.0 = Release|Any CPU
	EndGlobalSection
	GlobalSection(SolutionProperties) = preSolution
		HideSolutionNode = FALSE
	EndGlobalSection
EndGlobal
