
Microsoft Visual Studio Solution File, Format Version 12.00
# Visual Studio Express 2013 for Windows Desktop
VisualStudioVersion = 12.0.30723.0
MinimumVisualStudioVersion = 10.0.40219.1
Project("{FAE04EC0-301F-11D3-BF4B-00C04F79EFBC}") = "Plane", "Plane\Plane.csproj", "{5C51FDB8-60B3-4AD8-863E-A08F3CBE23A4}"
EndProject
Project("{FAE04EC0-301F-11D3-BF4B-00C04F79EFBC}") = "oddeven", "oddeven\oddeven.csproj", "{2F716331-12A6-4BF3-A1A6-5669D26F30D9}"
EndProject
Project("{FAE04EC0-301F-11D3-BF4B-00C04F79EFBC}") = "star", "star\star.csproj", "{524815F3-B4D0-4B38-B32C-F990352C3473}"
EndProject
Project("{FAE04EC0-301F-11D3-BF4B-00C04F79EFBC}") = "budget", "budget\budget.csproj", "{6B222FB4-2591-4876-91A0-FA3B14A688AD}"
EndProject
Project("{FAE04EC0-301F-11D3-BF4B-00C04F79EFBC}") = "BabaTinche", "BabaTinche\BabaTinche.csproj", "{4334CAAB-1781-4D75-A89D-7E926C6B3D2F}"
EndProject
Project("{FAE04EC0-301F-11D3-BF4B-00C04F79EFBC}") = "Car", "Car\Car.csproj", "{2AEE5648-0832-4F49-A1D8-4A317A45144B}"
EndProject
Project("{FAE04EC0-301F-11D3-BF4B-00C04F79EFBC}") = "house", "house\house.csproj", "{442FB9B3-4AEE-4665-BAB1-CA35AD772F2B}"
EndProject
Global
	GlobalSection(SolutionConfigurationPlatforms) = preSolution
		Debug|Any CPU = Debug|Any CPU
		Release|Any CPU = Release|Any CPU
	EndGlobalSection
	GlobalSection(ProjectConfigurationPlatforms) = postSolution
		{5C51FDB8-60B3-4AD8-863E-A08F3CBE23A4}.Debug|Any CPU.ActiveCfg = Debug|Any CPU
		{5C51FDB8-60B3-4AD8-863E-A08F3CBE23A4}.Debug|Any CPU.Build.0 = Debug|Any CPU
		{5C51FDB8-60B3-4AD8-863E-A08F3CBE23A4}.Release|Any CPU.ActiveCfg = Release|Any CPU
		{5C51FDB8-60B3-4AD8-863E-A08F3CBE23A4}.Release|Any CPU.Build.0 = Release|Any CPU
		{2F716331-12A6-4BF3-A1A6-5669D26F30D9}.Debug|Any CPU.ActiveCfg = Debug|Any CPU
		{2F716331-12A6-4BF3-A1A6-5669D26F30D9}.Debug|Any CPU.Build.0 = Debug|Any CPU
		{2F716331-12A6-4BF3-A1A6-5669D26F30D9}.Release|Any CPU.ActiveCfg = Release|Any CPU
		{2F716331-12A6-4BF3-A1A6-5669D26F30D9}.Release|Any CPU.Build.0 = Release|Any CPU
		{524815F3-B4D0-4B38-B32C-F990352C3473}.Debug|Any CPU.ActiveCfg = Debug|Any CPU
		{524815F3-B4D0-4B38-B32C-F990352C3473}.Debug|Any CPU.Build.0 = Debug|Any CPU
		{524815F3-B4D0-4B38-B32C-F990352C3473}.Release|Any CPU.ActiveCfg = Release|Any CPU
		{524815F3-B4D0-4B38-B32C-F990352C3473}.Release|Any CPU.Build.0 = Release|Any CPU
		{6B222FB4-2591-4876-91A0-FA3B14A688AD}.Debug|Any CPU.ActiveCfg = Debug|Any CPU
		{6B222FB4-2591-4876-91A0-FA3B14A688AD}.Debug|Any CPU.Build.0 = Debug|Any CPU
		{6B222FB4-2591-4876-91A0-FA3B14A688AD}.Release|Any CPU.ActiveCfg = Release|Any CPU
		{6B222FB4-2591-4876-91A0-FA3B14A688AD}.Release|Any CPU.Build.0 = Release|Any CPU
		{4334CAAB-1781-4D75-A89D-7E926C6B3D2F}.Debug|Any CPU.ActiveCfg = Debug|Any CPU
		{4334CAAB-1781-4D75-A89D-7E926C6B3D2F}.Debug|Any CPU.Build.0 = Debug|Any CPU
		{4334CAAB-1781-4D75-A89D-7E926C6B3D2F}.Release|Any CPU.ActiveCfg = Release|Any CPU
		{4334CAAB-1781-4D75-A89D-7E926C6B3D2F}.Release|Any CPU.Build.0 = Release|Any CPU
		{2AEE5648-0832-4F49-A1D8-4A317A45144B}.Debug|Any CPU.ActiveCfg = Debug|Any CPU
		{2AEE5648-0832-4F49-A1D8-4A317A45144B}.Debug|Any CPU.Build.0 = Debug|Any CPU
		{2AEE5648-0832-4F49-A1D8-4A317A45144B}.Release|Any CPU.ActiveCfg = Release|Any CPU
		{2AEE5648-0832-4F49-A1D8-4A317A45144B}.Release|Any CPU.Build.0 = Release|Any CPU
		{442FB9B3-4AEE-4665-BAB1-CA35AD772F2B}.Debug|Any CPU.ActiveCfg = Debug|Any CPU
		{442FB9B3-4AEE-4665-BAB1-CA35AD772F2B}.Debug|Any CPU.Build.0 = Debug|Any CPU
		{442FB9B3-4AEE-4665-BAB1-CA35AD772F2B}.Release|Any CPU.ActiveCfg = Release|Any CPU
		{442FB9B3-4AEE-4665-BAB1-CA35AD772F2B}.Release|Any CPU.Build.0 = Release|Any CPU
	EndGlobalSection
	GlobalSection(SolutionProperties) = preSolution
		HideSolutionNode = FALSE
	EndGlobalSection
EndGlobal
